
Microsoft Visual Studio Solution File, Format Version 12.00
# Visual Studio Version 17
VisualStudioVersion = 17.0.31919.166
MinimumVisualStudioVersion = 10.0.40219.1
Project("{9A19103F-16F7-4668-BE54-9A1E7A4F7556}") = "ciocou-backend", "ciocou-backend\ciocou-backend.csproj", "{107C5F75-505F-4C3E-A9CD-A4CC4CBE5B29}"
EndProject
Project("{9A19103F-16F7-4668-BE54-9A1E7A4F7556}") = "Data", "Domain\Data.csproj", "{01F71240-B561-4E56-A3C4-0BAC06E6D589}"
EndProject
Project("{9A19103F-16F7-4668-BE54-9A1E7A4F7556}") = "Service", "Service\Service.csproj", "{1E7F9046-7BC8-44AA-8FD8-FFEC9B458A7A}"
EndProject
Project("{FAE04EC0-301F-11D3-BF4B-00C04F79EFBC}") = "DependencyInversion", "DependencyInversion\DependencyInversion.csproj", "{89747259-8F9D-42F0-9C92-EC8094A5044E}"
EndProject
Global
	GlobalSection(SolutionConfigurationPlatforms) = preSolution
		Debug|Any CPU = Debug|Any CPU
		Release|Any CPU = Release|Any CPU
	EndGlobalSection
	GlobalSection(ProjectConfigurationPlatforms) = postSolution
		{107C5F75-505F-4C3E-A9CD-A4CC4CBE5B29}.Debug|Any CPU.ActiveCfg = Debug|Any CPU
		{107C5F75-505F-4C3E-A9CD-A4CC4CBE5B29}.Debug|Any CPU.Build.0 = Debug|Any CPU
		{107C5F75-505F-4C3E-A9CD-A4CC4CBE5B29}.Release|Any CPU.ActiveCfg = Release|Any CPU
		{107C5F75-505F-4C3E-A9CD-A4CC4CBE5B29}.Release|Any CPU.Build.0 = Release|Any CPU
		{01F71240-B561-4E56-A3C4-0BAC06E6D589}.Debug|Any CPU.ActiveCfg = Debug|Any CPU
		{01F71240-B561-4E56-A3C4-0BAC06E6D589}.Debug|Any CPU.Build.0 = Debug|Any CPU
		{01F71240-B561-4E56-A3C4-0BAC06E6D589}.Release|Any CPU.ActiveCfg = Release|Any CPU
		{01F71240-B561-4E56-A3C4-0BAC06E6D589}.Release|Any CPU.Build.0 = Release|Any CPU
		{1E7F9046-7BC8-44AA-8FD8-FFEC9B458A7A}.Debug|Any CPU.ActiveCfg = Debug|Any CPU
		{1E7F9046-7BC8-44AA-8FD8-FFEC9B458A7A}.Debug|Any CPU.Build.0 = Debug|Any CPU
		{1E7F9046-7BC8-44AA-8FD8-FFEC9B458A7A}.Release|Any CPU.ActiveCfg = Release|Any CPU
		{1E7F9046-7BC8-44AA-8FD8-FFEC9B458A7A}.Release|Any CPU.Build.0 = Release|Any CPU
		{89747259-8F9D-42F0-9C92-EC8094A5044E}.Debug|Any CPU.ActiveCfg = Debug|Any CPU
		{89747259-8F9D-42F0-9C92-EC8094A5044E}.Debug|Any CPU.Build.0 = Debug|Any CPU
		{89747259-8F9D-42F0-9C92-EC8094A5044E}.Release|Any CPU.ActiveCfg = Release|Any CPU
		{89747259-8F9D-42F0-9C92-EC8094A5044E}.Release|Any CPU.Build.0 = Release|Any CPU
	EndGlobalSection
	GlobalSection(SolutionProperties) = preSolution
		HideSolutionNode = FALSE
	EndGlobalSection
	GlobalSection(ExtensibilityGlobals) = postSolution
		SolutionGuid = {499AA22A-0EEF-41D5-A32F-298EB390B96E}
	EndGlobalSection
EndGlobal
